
Microsoft Visual Studio Solution File, Format Version 12.00
# Visual Studio Version 16
VisualStudioVersion = 16.0.31729.503
MinimumVisualStudioVersion = 10.0.40219.1
Project("{FAE04EC0-301F-11D3-BF4B-00C04F79EFBC}") = "BlogMVVM.Android", "BlogMVVM.Android\BlogMVVM.Android.csproj", "{A9F84BD0-8F97-45EE-9B26-D80652AA1189}"
EndProject
Project("{FAE04EC0-301F-11D3-BF4B-00C04F79EFBC}") = "BlogMVVM.iOS", "BlogMVVM.iOS\BlogMVVM.iOS.csproj", "{05479112-A419-426B-989E-806247727FD3}"
EndProject
Project("{FAE04EC0-301F-11D3-BF4B-00C04F79EFBC}") = "BlogMVVM", "BlogMVVM\BlogMVVM.csproj", "{3345E220-88E8-4A1E-89F8-D64FFCC9B904}"
EndProject
Global
	GlobalSection(SolutionConfigurationPlatforms) = preSolution
		Debug|Any CPU = Debug|Any CPU
		Debug|iPhone = Debug|iPhone
		Debug|iPhoneSimulator = Debug|iPhoneSimulator
		Release|Any CPU = Release|Any CPU
		Release|iPhone = Release|iPhone
		Release|iPhoneSimulator = Release|iPhoneSimulator
	EndGlobalSection
	GlobalSection(ProjectConfigurationPlatforms) = postSolution
		{A9F84BD0-8F97-45EE-9B26-D80652AA1189}.Debug|Any CPU.ActiveCfg = Debug|Any CPU
		{A9F84BD0-8F97-45EE-9B26-D80652AA1189}.Debug|Any CPU.Build.0 = Debug|Any CPU
		{A9F84BD0-8F97-45EE-9B26-D80652AA1189}.Debug|Any CPU.Deploy.0 = Debug|Any CPU
		{A9F84BD0-8F97-45EE-9B26-D80652AA1189}.Debug|iPhone.ActiveCfg = Debug|Any CPU
		{A9F84BD0-8F97-45EE-9B26-D80652AA1189}.Debug|iPhone.Build.0 = Debug|Any CPU
		{A9F84BD0-8F97-45EE-9B26-D80652AA1189}.Debug|iPhone.Deploy.0 = Debug|Any CPU
		{A9F84BD0-8F97-45EE-9B26-D80652AA1189}.Debug|iPhoneSimulator.ActiveCfg = Debug|Any CPU
		{A9F84BD0-8F97-45EE-9B26-D80652AA1189}.Debug|iPhoneSimulator.Build.0 = Debug|Any CPU
		{A9F84BD0-8F97-45EE-9B26-D80652AA1189}.Debug|iPhoneSimulator.Deploy.0 = Debug|Any CPU
		{A9F84BD0-8F97-45EE-9B26-D80652AA1189}.Release|Any CPU.ActiveCfg = Release|Any CPU
		{A9F84BD0-8F97-45EE-9B26-D80652AA1189}.Release|Any CPU.Build.0 = Release|Any CPU
		{A9F84BD0-8F97-45EE-9B26-D80652AA1189}.Release|Any CPU.Deploy.0 = Release|Any CPU
		{A9F84BD0-8F97-45EE-9B26-D80652AA1189}.Release|iPhone.ActiveCfg = Release|Any CPU
		{A9F84BD0-8F97-45EE-9B26-D80652AA1189}.Release|iPhone.Build.0 = Release|Any CPU
		{A9F84BD0-8F97-45EE-9B26-D80652AA1189}.Release|iPhone.Deploy.0 = Release|Any CPU
		{A9F84BD0-8F97-45EE-9B26-D80652AA1189}.Release|iPhoneSimulator.ActiveCfg = Release|Any CPU
		{A9F84BD0-8F97-45EE-9B26-D80652AA1189}.Release|iPhoneSimulator.Build.0 = Release|Any CPU
		{A9F84BD0-8F97-45EE-9B26-D80652AA1189}.Release|iPhoneSimulator.Deploy.0 = Release|Any CPU
		{05479112-A419-426B-989E-806247727FD3}.Debug|Any CPU.ActiveCfg = Debug|iPhone
		{05479112-A419-426B-989E-806247727FD3}.Debug|Any CPU.Build.0 = Debug|iPhone
		{05479112-A419-426B-989E-806247727FD3}.Debug|Any CPU.Deploy.0 = Debug|iPhone
		{05479112-A419-426B-989E-806247727FD3}.Debug|iPhone.ActiveCfg = Debug|iPhone
		{05479112-A419-426B-989E-806247727FD3}.Debug|iPhone.Build.0 = Debug|iPhone
		{05479112-A419-426B-989E-806247727FD3}.Debug|iPhone.Deploy.0 = Debug|iPhone
		{05479112-A419-426B-989E-806247727FD3}.Debug|iPhoneSimulator.ActiveCfg = Debug|iPhoneSimulator
		{05479112-A419-426B-989E-806247727FD3}.Debug|iPhoneSimulator.Build.0 = Debug|iPhoneSimulator
		{05479112-A419-426B-989E-806247727FD3}.Debug|iPhoneSimulator.Deploy.0 = Debug|iPhoneSimulator
		{05479112-A419-426B-989E-806247727FD3}.Release|Any CPU.ActiveCfg = Release|iPhoneSimulator
		{05479112-A419-426B-989E-806247727FD3}.Release|Any CPU.Build.0 = Release|iPhoneSimulator
		{05479112-A419-426B-989E-806247727FD3}.Release|Any CPU.Deploy.0 = Release|iPhoneSimulator
		{05479112-A419-426B-989E-806247727FD3}.Release|iPhone.ActiveCfg = Release|iPhone
		{05479112-A419-426B-989E-806247727FD3}.Release|iPhone.Build.0 = Release|iPhone
		{05479112-A419-426B-989E-806247727FD3}.Release|iPhone.Deploy.0 = Release|iPhone
		{05479112-A419-426B-989E-806247727FD3}.Release|iPhoneSimulator.ActiveCfg = Release|iPhoneSimulator
		{05479112-A419-426B-989E-806247727FD3}.Release|iPhoneSimulator.Build.0 = Release|iPhoneSimulator
		{05479112-A419-426B-989E-806247727FD3}.Release|iPhoneSimulator.Deploy.0 = Release|iPhoneSimulator
		{3345E220-88E8-4A1E-89F8-D64FFCC9B904}.Debug|Any CPU.ActiveCfg = Debug|Any CPU
		{3345E220-88E8-4A1E-89F8-D64FFCC9B904}.Debug|Any CPU.Build.0 = Debug|Any CPU
		{3345E220-88E8-4A1E-89F8-D64FFCC9B904}.Debug|Any CPU.Deploy.0 = Debug|Any CPU
		{3345E220-88E8-4A1E-89F8-D64FFCC9B904}.Debug|iPhone.ActiveCfg = Debug|Any CPU
		{3345E220-88E8-4A1E-89F8-D64FFCC9B904}.Debug|iPhone.Build.0 = Debug|Any CPU
		{3345E220-88E8-4A1E-89F8-D64FFCC9B904}.Debug|iPhone.Deploy.0 = Debug|Any CPU
		{3345E220-88E8-4A1E-89F8-D64FFCC9B904}.Debug|iPhoneSimulator.ActiveCfg = Debug|Any CPU
		{3345E220-88E8-4A1E-89F8-D64FFCC9B904}.Debug|iPhoneSimulator.Build.0 = Debug|Any CPU
		{3345E220-88E8-4A1E-89F8-D64FFCC9B904}.Debug|iPhoneSimulator.Deploy.0 = Debug|Any CPU
		{3345E220-88E8-4A1E-89F8-D64FFCC9B904}.Release|Any CPU.ActiveCfg = Release|Any CPU
		{3345E220-88E8-4A1E-89F8-D64FFCC9B904}.Release|Any CPU.Build.0 = Release|Any CPU
		{3345E220-88E8-4A1E-89F8-D64FFCC9B904}.Release|Any CPU.Deploy.0 = Release|Any CPU
		{3345E220-88E8-4A1E-89F8-D64FFCC9B904}.Release|iPhone.ActiveCfg = Release|Any CPU
		{3345E220-88E8-4A1E-89F8-D64FFCC9B904}.Release|iPhone.Build.0 = Release|Any CPU
		{3345E220-88E8-4A1E-89F8-D64FFCC9B904}.Release|iPhone.Deploy.0 = Release|Any CPU
		{3345E220-88E8-4A1E-89F8-D64FFCC9B904}.Release|iPhoneSimulator.ActiveCfg = Release|Any CPU
		{3345E220-88E8-4A1E-89F8-D64FFCC9B904}.Release|iPhoneSimulator.Build.0 = Release|Any CPU
		{3345E220-88E8-4A1E-89F8-D64FFCC9B904}.Release|iPhoneSimulator.Deploy.0 = Release|Any CPU
	EndGlobalSection
	GlobalSection(SolutionProperties) = preSolution
		HideSolutionNode = FALSE
	EndGlobalSection
	GlobalSection(ExtensibilityGlobals) = postSolution
		SolutionGuid = {13D904FE-2BD3-4192-9B4B-1074B015A5D1}
	EndGlobalSection
EndGlobal
